
Microsoft Visual Studio Solution File, Format Version 12.00
# Visual Studio Version 16
VisualStudioVersion = 16.0.31424.327
MinimumVisualStudioVersion = 10.0.40219.1
Project("{888888A0-9F3D-457C-B088-3A5042F75D52}") = "Direction", "Direction\Direction.pyproj", "{BF636C36-0A30-454A-BF5B-BA534B903E89}"
EndProject
Global
	GlobalSection(SolutionConfigurationPlatforms) = preSolution
		Debug|Any CPU = Debug|Any CPU
		Release|Any CPU = Release|Any CPU
	EndGlobalSection
	GlobalSection(ProjectConfigurationPlatforms) = postSolution
		{BF636C36-0A30-454A-BF5B-BA534B903E89}.Debug|Any CPU.ActiveCfg = Debug|Any CPU
		{BF636C36-0A30-454A-BF5B-BA534B903E89}.Release|Any CPU.ActiveCfg = Release|Any CPU
	EndGlobalSection
	GlobalSection(SolutionProperties) = preSolution
		HideSolutionNode = FALSE
	EndGlobalSection
	GlobalSection(ExtensibilityGlobals) = postSolution
		SolutionGuid = {7ABECC9D-BF6E-4D39-B135-058CDC4951D7}
	EndGlobalSection
EndGlobal
